
Microsoft Visual Studio Solution File, Format Version 12.00
# Visual Studio 2013
VisualStudioVersion = 12.0.31101.0
MinimumVisualStudioVersion = 10.0.40219.1
Project("{FAE04EC0-301F-11D3-BF4B-00C04F79EFBC}") = "Checkers.ConsoleUI", "Checkers.ConsoleUI\Checkers.ConsoleUI.csproj", "{2A146B6C-2408-404C-A1B1-915ABC1EF6DA}"
EndProject
Project("{FAE04EC0-301F-11D3-BF4B-00C04F79EFBC}") = "Checkers.DesktopUI", "Checkers.DesktopUI\Checkers.DesktopUI.csproj", "{FDE6B1F1-C099-41EB-9F5F-244AE3195E8A}"
EndProject
Project("{FAE04EC0-301F-11D3-BF4B-00C04F79EFBC}") = "Checkers.GameEngine.Test", "Checkers.GameEngine.Test\Checkers.GameEngine.Test.csproj", "{D6986B51-A794-475A-92ED-E594037DA412}"
EndProject
Project("{FAE04EC0-301F-11D3-BF4B-00C04F79EFBC}") = "Checkers.GameEngine", "Checkers.GameEngine\Checkers.GameEngine.csproj", "{C8E7477E-ED36-4CE8-A25B-8D85629BB2D3}"
EndProject
Global
	GlobalSection(SolutionConfigurationPlatforms) = preSolution
		Debug|Any CPU = Debug|Any CPU
		Release|Any CPU = Release|Any CPU
	EndGlobalSection
	GlobalSection(ProjectConfigurationPlatforms) = postSolution
		{2A146B6C-2408-404C-A1B1-915ABC1EF6DA}.Debug|Any CPU.ActiveCfg = Debug|Any CPU
		{2A146B6C-2408-404C-A1B1-915ABC1EF6DA}.Debug|Any CPU.Build.0 = Debug|Any CPU
		{2A146B6C-2408-404C-A1B1-915ABC1EF6DA}.Release|Any CPU.ActiveCfg = Release|Any CPU
		{2A146B6C-2408-404C-A1B1-915ABC1EF6DA}.Release|Any CPU.Build.0 = Release|Any CPU
		{FDE6B1F1-C099-41EB-9F5F-244AE3195E8A}.Debug|Any CPU.ActiveCfg = Debug|Any CPU
		{FDE6B1F1-C099-41EB-9F5F-244AE3195E8A}.Debug|Any CPU.Build.0 = Debug|Any CPU
		{FDE6B1F1-C099-41EB-9F5F-244AE3195E8A}.Release|Any CPU.ActiveCfg = Release|Any CPU
		{FDE6B1F1-C099-41EB-9F5F-244AE3195E8A}.Release|Any CPU.Build.0 = Release|Any CPU
		{D6986B51-A794-475A-92ED-E594037DA412}.Debug|Any CPU.ActiveCfg = Debug|Any CPU
		{D6986B51-A794-475A-92ED-E594037DA412}.Debug|Any CPU.Build.0 = Debug|Any CPU
		{D6986B51-A794-475A-92ED-E594037DA412}.Release|Any CPU.ActiveCfg = Release|Any CPU
		{D6986B51-A794-475A-92ED-E594037DA412}.Release|Any CPU.Build.0 = Release|Any CPU
		{C8E7477E-ED36-4CE8-A25B-8D85629BB2D3}.Debug|Any CPU.ActiveCfg = Debug|Any CPU
		{C8E7477E-ED36-4CE8-A25B-8D85629BB2D3}.Debug|Any CPU.Build.0 = Debug|Any CPU
		{C8E7477E-ED36-4CE8-A25B-8D85629BB2D3}.Release|Any CPU.ActiveCfg = Release|Any CPU
		{C8E7477E-ED36-4CE8-A25B-8D85629BB2D3}.Release|Any CPU.Build.0 = Release|Any CPU
	EndGlobalSection
	GlobalSection(SolutionProperties) = preSolution
		HideSolutionNode = FALSE
	EndGlobalSection
EndGlobal
